
Microsoft Visual Studio Solution File, Format Version 12.00
# Visual Studio 2012
Project("{FAE04EC0-301F-11D3-BF4B-00C04F79EFBC}") = "Website", "Website\Website.csproj", "{96ACF6A1-831D-45F3-ACF3-2748BD610F48}"
EndProject
Project("{FAE04EC0-301F-11D3-BF4B-00C04F79EFBC}") = "Services", "Services\Services.csproj", "{218C5D65-1C73-47B1-BD18-A3EB40682C82}"
EndProject
Global
	GlobalSection(SolutionConfigurationPlatforms) = preSolution
		Debug|Any CPU = Debug|Any CPU
		Release|Any CPU = Release|Any CPU
	EndGlobalSection
	GlobalSection(ProjectConfigurationPlatforms) = postSolution
		{218C5D65-1C73-47B1-BD18-A3EB40682C82}.Debug|Any CPU.ActiveCfg = Debug|Any CPU
		{218C5D65-1C73-47B1-BD18-A3EB40682C82}.Debug|Any CPU.Build.0 = Debug|Any CPU
		{218C5D65-1C73-47B1-BD18-A3EB40682C82}.Release|Any CPU.ActiveCfg = Release|Any CPU
		{218C5D65-1C73-47B1-BD18-A3EB40682C82}.Release|Any CPU.Build.0 = Release|Any CPU
		{96ACF6A1-831D-45F3-ACF3-2748BD610F48}.Debug|Any CPU.ActiveCfg = Debug|Any CPU
		{96ACF6A1-831D-45F3-ACF3-2748BD610F48}.Debug|Any CPU.Build.0 = Debug|Any CPU
		{96ACF6A1-831D-45F3-ACF3-2748BD610F48}.Release|Any CPU.ActiveCfg = Release|Any CPU
		{96ACF6A1-831D-45F3-ACF3-2748BD610F48}.Release|Any CPU.Build.0 = Release|Any CPU
	EndGlobalSection
	GlobalSection(SolutionProperties) = preSolution
		HideSolutionNode = FALSE
	EndGlobalSection
EndGlobal
